// !$*UTF8*$!
{
	archiveVersion = 1;
	classes = {
	};
	objectVersion = 50;
	objects = {

/* Begin PBXBuildFile section */
		184EE4D726459BD800213333 /* AppDelegate.swift in Sources */ = {isa = PBXBuildFile; fileRef = 184EE4D626459BD800213333 /* AppDelegate.swift */; };
		184EE4D926459BD800213333 /* SceneDelegate.swift in Sources */ = {isa = PBXBuildFile; fileRef = 184EE4D826459BD800213333 /* SceneDelegate.swift */; };
		184EE4DB26459BD800213333 /* ViewController.swift in Sources */ = {isa = PBXBuildFile; fileRef = 184EE4DA26459BD800213333 /* ViewController.swift */; };
		184EE4DE26459BD800213333 /* Main.storyboard in Resources */ = {isa = PBXBuildFile; fileRef = 184EE4DC26459BD800213333 /* Main.storyboard */; };
		184EE4E026459BD900213333 /* Assets.xcassets in Resources */ = {isa = PBXBuildFile; fileRef = 184EE4DF26459BD900213333 /* Assets.xcassets */; };
		184EE4E326459BD900213333 /* LaunchScreen.storyboard in Resources */ = {isa = PBXBuildFile; fileRef = 184EE4E126459BD900213333 /* LaunchScreen.storyboard */; };
		184EE4F12645A34700213333 /* Morning Glory Font.ttf in Resources */ = {isa = PBXBuildFile; fileRef = 184EE4F02645A34700213333 /* Morning Glory Font.ttf */; };
		184EE4F32645A42200213333 /* TheCrowGrunge.otf in Resources */ = {isa = PBXBuildFile; fileRef = 184EE4F22645A42200213333 /* TheCrowGrunge.otf */; };
/* End PBXBuildFile section */

/* Begin PBXFileReference section */
		184EE4D326459BD800213333 /* 10YearChallenge十年.app */ = {isa = PBXFileReference; explicitFileType = wrapper.application; includeInIndex = 0; path = "10YearChallenge十年.app"; sourceTree = BUILT_PRODUCTS_DIR; };
		184EE4D626459BD800213333 /* AppDelegate.swift */ = {isa = PBXFileReference; lastKnownFileType = sourcecode.swift; path = AppDelegate.swift; sourceTree = "<group>"; };
		184EE4D826459BD800213333 /* SceneDelegate.swift */ = {isa = PBXFileReference; lastKnownFileType = sourcecode.swift; path = SceneDelegate.swift; sourceTree = "<group>"; };
		184EE4DA26459BD800213333 /* ViewController.swift */ = {isa = PBXFileReference; lastKnownFileType = sourcecode.swift; path = ViewController.swift; sourceTree = "<group>"; };
		184EE4DD26459BD800213333 /* Base */ = {isa = PBXFileReference; lastKnownFileType = file.storyboard; name = Base; path = Base.lproj/Main.storyboard; sourceTree = "<group>"; };
		184EE4DF26459BD900213333 /* Assets.xcassets */ = {isa = PBXFileReference; lastKnownFileType = folder.assetcatalog; path = Assets.xcassets; sourceTree = "<group>"; };
		184EE4E226459BD900213333 /* Base */ = {isa = PBXFileReference; lastKnownFileType = file.storyboard; name = Base; path = Base.lproj/LaunchScreen.storyboard; sourceTree = "<group>"; };
		184EE4E426459BD900213333 /* Info.plist */ = {isa = PBXFileReference; lastKnownFileType = text.plist.xml; path = Info.plist; sourceTree = "<group>"; };
		184EE4F02645A34700213333 /* Morning Glory Font.ttf */ = {isa = PBXFileReference; lastKnownFileType = file; path = "Morning Glory Font.ttf"; sourceTree = "<group>"; };
		184EE4F22645A42200213333 /* TheCrowGrunge.otf */ = {isa = PBXFileReference; lastKnownFileType = file; name = TheCrowGrunge.otf; path = ../../../../../../Fonts/TheCrowGrunge.otf; sourceTree = "<group>"; };
/* End PBXFileReference section */

/* Begin PBXFrameworksBuildPhase section */
		184EE4D026459BD800213333 /* Frameworks */ = {
			isa = PBXFrameworksBuildPhase;
			buildActionMask = 2147483647;
			files = (
			);
			runOnlyForDeploymentPostprocessing = 0;
		};
/* End PBXFrameworksBuildPhase section */

/* Begin PBXGroup section */
		184EE4CA26459BD800213333 = {
			isa = PBXGroup;
			children = (
				184EE4D526459BD800213333 /* 10YearChallenge十年 */,
				184EE4D426459BD800213333 /* Products */,
			);
			sourceTree = "<group>";
		};
		184EE4D426459BD800213333 /* Products */ = {
			isa = PBXGroup;
			children = (
				184EE4D326459BD800213333 /* 10YearChallenge十年.app */,
			);
			name = Products;
			sourceTree = "<group>";
		};
		184EE4D526459BD800213333 /* 10YearChallenge十年 */ = {
			isa = PBXGroup;
			children = (
				184EE4D626459BD800213333 /* AppDelegate.swift */,
				184EE4D826459BD800213333 /* SceneDelegate.swift */,
				184EE4DA26459BD800213333 /* ViewController.swift */,
				184EE4DC26459BD800213333 /* Main.storyboard */,
				184EE4DF26459BD900213333 /* Assets.xcassets */,
				184EE4E126459BD900213333 /* LaunchScreen.storyboard */,
				184EE4E426459BD900213333 /* Info.plist */,
				184EE4F02645A34700213333 /* Morning Glory Font.ttf */,
				184EE4F22645A42200213333 /* TheCrowGrunge.otf */,
			);
			path = "10YearChallenge十年";
			sourceTree = "<group>";
		};
/* End PBXGroup section */

/* Begin PBXNativeTarget section */
		184EE4D226459BD800213333 /* 10YearChallenge十年 */ = {
			isa = PBXNativeTarget;
			buildConfigurationList = 184EE4E726459BD900213333 /* Build configuration list for PBXNativeTarget "10YearChallenge十年" */;
			buildPhases = (
				184EE4CF26459BD800213333 /* Sources */,
				184EE4D026459BD800213333 /* Frameworks */,
				184EE4D126459BD800213333 /* Resources */,
			);
			buildRules = (
			);
			dependencies = (
			);
			name = "10YearChallenge十年";
			productName = "10YearChallenge十年";
			productReference = 184EE4D326459BD800213333 /* 10YearChallenge十年.app */;
			productType = "com.apple.product-type.application";
		};
/* End PBXNativeTarget section */

/* Begin PBXProject section */
		184EE4CB26459BD800213333 /* Project object */ = {
			isa = PBXProject;
			attributes = {
				LastSwiftUpdateCheck = 1250;
				LastUpgradeCheck = 1250;
				TargetAttributes = {
					184EE4D226459BD800213333 = {
						CreatedOnToolsVersion = 12.5;
					};
				};
			};
			buildConfigurationList = 184EE4CE26459BD800213333 /* Build configuration list for PBXProject "10YearChallenge十年" */;
			compatibilityVersion = "Xcode 9.3";
			developmentRegion = en;
			hasScannedForEncodings = 0;
			knownRegions = (
				en,
				Base,
			);
			mainGroup = 184EE4CA26459BD800213333;
			productRefGroup = 184EE4D426459BD800213333 /* Products */;
			projectDirPath = "";
			projectRoot = "";
			targets = (
				184EE4D226459BD800213333 /* 10YearChallenge十年 */,
			);
		};
/* End PBXProject section */

/* Begin PBXResourcesBuildPhase section */
		184EE4D126459BD800213333 /* Resources */ = {
			isa = PBXResourcesBuildPhase;
			buildActionMask = 2147483647;
			files = (
				184EE4F12645A34700213333 /* Morning Glory Font.ttf in Resources */,
				184EE4E326459BD900213333 /* LaunchScreen.storyboard in Resources */,
				184EE4E026459BD900213333 /* Assets.xcassets in Resources */,
				184EE4F32645A42200213333 /* TheCrowGrunge.otf in Resources */,
				184EE4DE26459BD800213333 /* Main.storyboard in Resources */,
			);
			runOnlyForDeploymentPostprocessing = 0;
		};
/* End PBXResourcesBuildPhase section */

/* Begin PBXSourcesBuildPhase section */
		184EE4CF26459BD800213333 /* Sources */ = {
			isa = PBXSourcesBuildPhase;
			buildActionMask = 2147483647;
			files = (
				184EE4DB26459BD800213333 /* ViewController.swift in Sources */,
				184EE4D726459BD800213333 /* AppDelegate.swift in Sources */,
				184EE4D926459BD800213333 /* SceneDelegate.swift in Sources */,
			);
			runOnlyForDeploymentPostprocessing = 0;
		};
/* End PBXSourcesBuildPhase section */

/* Begin PBXVariantGroup section */
		184EE4DC26459BD800213333 /* Main.storyboard */ = {
			isa = PBXVariantGroup;
			children = (
				184EE4DD26459BD800213333 /* Base */,
			);
			name = Main.storyboard;
			sourceTree = "<group>";
		};
		184EE4E126459BD900213333 /* LaunchScreen.storyboard */ = {
			isa = PBXVariantGroup;
			children = (
				184EE4E226459BD900213333 /* Base */,
			);
			name = LaunchScreen.storyboard;
			sourceTree = "<group>";
		};
/* End PBXVariantGroup section */

/* Begin XCBuildConfiguration section */
		184EE4E526459BD900213333 /* Debug */ = {
			isa = XCBuildConfiguration;
			buildSettings = {
				ALWAYS_SEARCH_USER_PATHS = NO;
				CLANG_ANALYZER_NONNULL = YES;
				CLANG_ANALYZER_NUMBER_OBJECT_CONVERSION = YES_AGGRESSIVE;
				CLANG_CXX_LANGUAGE_STANDARD = "gnu++14";
				CLANG_CXX_LIBRARY = "libc++";
				CLANG_ENABLE_MODULES = YES;
				CLANG_ENABLE_OBJC_ARC = YES;
				CLANG_ENABLE_OBJC_WEAK = YES;
				CLANG_WARN_BLOCK_CAPTURE_AUTORELEASING = YES;
				CLANG_WARN_BOOL_CONVERSION = YES;
				CLANG_WARN_COMMA = YES;
				CLANG_WARN_CONSTANT_CONVERSION = YES;
				CLANG_WARN_DEPRECATED_OBJC_IMPLEMENTATIONS = YES;
				CLANG_WARN_DIRECT_OBJC_ISA_USAGE = YES_ERROR;
				CLANG_WARN_DOCUMENTATION_COMMENTS = YES;
				CLANG_WARN_EMPTY_BODY = YES;
				CLANG_WARN_ENUM_CONVERSION = YES;
				CLANG_WARN_INFINITE_RECURSION = YES;
				CLANG_WARN_INT_CONVERSION = YES;
				CLANG_WARN_NON_LITERAL_NULL_CONVERSION = YES;
				CLANG_WARN_OBJC_IMPLICIT_RETAIN_SELF = YES;
				CLANG_WARN_OBJC_LITERAL_CONVERSION = YES;
				CLANG_WARN_OBJC_ROOT_CLASS = YES_ERROR;
				CLANG_WARN_QUOTED_INCLUDE_IN_FRAMEWORK_HEADER = YES;
				CLANG_WARN_RANGE_LOOP_ANALYSIS = YES;
				CLANG_WARN_STRICT_PROTOTYPES = YES;
				CLANG_WARN_SUSPICIOUS_MOVE = YES;
				CLANG_WARN_UNGUARDED_AVAILABILITY = YES_AGGRESSIVE;
				CLANG_WARN_UNREACHABLE_CODE = YES;
				CLANG_WARN__DUPLICATE_METHOD_MATCH = YES;
				COPY_PHASE_STRIP = NO;
				DEBUG_INFORMATION_FORMAT = dwarf;
				ENABLE_STRICT_OBJC_MSGSEND = YES;
				ENABLE_TESTABILITY = YES;
				GCC_C_LANGUAGE_STANDARD = gnu11;
				GCC_DYNAMIC_NO_PIC = NO;
				GCC_NO_COMMON_BLOCKS = YES;
				GCC_OPTIMIZATION_LEVEL = 0;
				GCC_PREPROCESSOR_DEFINITIONS = (
					"DEBUG=1",
					"$(inherited)",
				);
				GCC_WARN_64_TO_32_BIT_CONVERSION = YES;
				GCC_WARN_ABOUT_RETURN_TYPE = YES_ERROR;
				GCC_WARN_UNDECLARED_SELECTOR = YES;
				GCC_WARN_UNINITIALIZED_AUTOS = YES_AGGRESSIVE;
				GCC_WARN_UNUSED_FUNCTION = YES;
				GCC_WARN_UNUSED_VARIABLE = YES;
				IPHONEOS_DEPLOYMENT_TARGET = 14.5;
				MTL_ENABLE_DEBUG_INFO = INCLUDE_SOURCE;
				MTL_FAST_MATH = YES;
				ONLY_ACTIVE_ARCH = YES;
				SDKROOT = iphoneos;
				SWIFT_ACTIVE_COMPILATION_CONDITIONS = DEBUG;
				SWIFT_OPTIMIZATION_LEVEL = "-Onone";
			};
			name = Debug;
		};
		184EE4E626459BD900213333 /* Release */ = {
			isa = XCBuildConfiguration;
			buildSettings = {
				ALWAYS_SEARCH_USER_PATHS = NO;
				CLANG_ANALYZER_NONNULL = YES;
				CLANG_ANALYZER_NUMBER_OBJECT_CONVERSION = YES_AGGRESSIVE;
				CLANG_CXX_LANGUAGE_STANDARD = "gnu++14";
				CLANG_CXX_LIBRARY = "libc++";
				CLANG_ENABLE_MODULES = YES;
				CLANG_ENABLE_OBJC_ARC = YES;
				CLANG_ENABLE_OBJC_WEAK = YES;
				CLANG_WARN_BLOCK_CAPTURE_AUTORELEASING = YES;
				CLANG_WARN_BOOL_CONVERSION = YES;
				CLANG_WARN_COMMA = YES;
				CLANG_WARN_CONSTANT_CONVERSION = YES;
				CLANG_WARN_DEPRECATED_OBJC_IMPLEMENTATIONS = YES;
				CLANG_WARN_DIRECT_OBJC_ISA_USAGE = YES_ERROR;
				CLANG_WARN_DOCUMENTATION_COMMENTS = YES;
				CLANG_WARN_EMPTY_BODY = YES;
				CLANG_WARN_ENUM_CONVERSION = YES;
				CLANG_WARN_INFINITE_RECURSION = YES;
				CLANG_WARN_INT_CONVERSION = YES;
				CLANG_WARN_NON_LITERAL_NULL_CONVERSION = YES;
				CLANG_WARN_OBJC_IMPLICIT_RETAIN_SELF = YES;
				CLANG_WARN_OBJC_LITERAL_CONVERSION = YES;
				CLANG_WARN_OBJC_ROOT_CLASS = YES_ERROR;
				CLANG_WARN_QUOTED_INCLUDE_IN_FRAMEWORK_HEADER = YES;
				CLANG_WARN_RANGE_LOOP_ANALYSIS = YES;
				CLANG_WARN_STRICT_PROTOTYPES = YES;
				CLANG_WARN_SUSPICIOUS_MOVE = YES;
				CLANG_WARN_UNGUARDED_AVAILABILITY = YES_AGGRESSIVE;
				CLANG_WARN_UNREACHABLE_CODE = YES;
				CLANG_WARN__DUPLICATE_METHOD_MATCH = YES;
				COPY_PHASE_STRIP = NO;
				DEBUG_INFORMATION_FORMAT = "dwarf-with-dsym";
				ENABLE_NS_ASSERTIONS = NO;
				ENABLE_STRICT_OBJC_MSGSEND = YES;
				GCC_C_LANGUAGE_STANDARD = gnu11;
				GCC_NO_COMMON_BLOCKS = YES;
				GCC_WARN_64_TO_32_BIT_CONVERSION = YES;
				GCC_WARN_ABOUT_RETURN_TYPE = YES_ERROR;
				GCC_WARN_UNDECLARED_SELECTOR = YES;
				GCC_WARN_UNINITIALIZED_AUTOS = YES_AGGRESSIVE;
				GCC_WARN_UNUSED_FUNCTION = YES;
				GCC_WARN_UNUSED_VARIABLE = YES;
				IPHONEOS_DEPLOYMENT_TARGET = 14.5;
				MTL_ENABLE_DEBUG_INFO = NO;
				MTL_FAST_MATH = YES;
				SDKROOT = iphoneos;
				SWIFT_COMPILATION_MODE = wholemodule;
				SWIFT_OPTIMIZATION_LEVEL = "-O";
				VALIDATE_PRODUCT = YES;
			};
			name = Release;
		};
		184EE4E826459BD900213333 /* Debug */ = {
			isa = XCBuildConfiguration;
			buildSettings = {
				ASSETCATALOG_COMPILER_APPICON_NAME = AppIcon;
				ASSETCATALOG_COMPILER_GLOBAL_ACCENT_COLOR_NAME = AccentColor;
				CODE_SIGN_STYLE = Automatic;
				DEVELOPMENT_TEAM = Q552KV7YR5;
				INFOPLIST_FILE = "10YearChallenge十年/Info.plist";
				LD_RUNPATH_SEARCH_PATHS = (
					"$(inherited)",
					"@executable_path/Frameworks",
				);
				PRODUCT_BUNDLE_IDENTIFIER = "dearblythe.-0YearChallenge--";
				PRODUCT_NAME = "$(TARGET_NAME)";
				SWIFT_VERSION = 5.0;
				TARGETED_DEVICE_FAMILY = "1,2";
			};
			name = Debug;
		};
		184EE4E926459BD900213333 /* Release */ = {
			isa = XCBuildConfiguration;
			buildSettings = {
				ASSETCATALOG_COMPILER_APPICON_NAME = AppIcon;
				ASSETCATALOG_COMPILER_GLOBAL_ACCENT_COLOR_NAME = AccentColor;
				CODE_SIGN_STYLE = Automatic;
				DEVELOPMENT_TEAM = Q552KV7YR5;
				INFOPLIST_FILE = "10YearChallenge十年/Info.plist";
				LD_RUNPATH_SEARCH_PATHS = (
					"$(inherited)",
					"@executable_path/Frameworks",
				);
				PRODUCT_BUNDLE_IDENTIFIER = "dearblythe.-0YearChallenge--";
				PRODUCT_NAME = "$(TARGET_NAME)";
				SWIFT_VERSION = 5.0;
				TARGETED_DEVICE_FAMILY = "1,2";
			};
			name = Release;
		};
/* End XCBuildConfiguration section */

/* Begin XCConfigurationList section */
		184EE4CE26459BD800213333 /* Build configuration list for PBXProject "10YearChallenge十年" */ = {
			isa = XCConfigurationList;
			buildConfigurations = (
				184EE4E526459BD900213333 /* Debug */,
				184EE4E626459BD900213333 /* Release */,
			);
			defaultConfigurationIsVisible = 0;
			defaultConfigurationName = Release;
		};
		184EE4E726459BD900213333 /* Build configuration list for PBXNativeTarget "10YearChallenge十年" */ = {
			isa = XCConfigurationList;
			buildConfigurations = (
				184EE4E826459BD900213333 /* Debug */,
				184EE4E926459BD900213333 /* Release */,
			);
			defaultConfigurationIsVisible = 0;
			defaultConfigurationName = Release;
		};
/* End XCConfigurationList section */
	};
	rootObject = 184EE4CB26459BD800213333 /* Project object */;
}
